
Microsoft Visual Studio Solution File, Format Version 12.00
# Visual Studio Version 17
VisualStudioVersion = 17.7.34031.279
MinimumVisualStudioVersion = 10.0.40219.1
Project("{FAE04EC0-301F-11D3-BF4B-00C04F79EFBC}") = "LearningProject", "LearningProject\LearningProject.csproj", "{ACA9652E-2170-4CF0-AA07-D876650CF009}"
EndProject
Global
	GlobalSection(SolutionConfigurationPlatforms) = preSolution
		Debug|Any CPU = Debug|Any CPU
		Release|Any CPU = Release|Any CPU
	EndGlobalSection
	GlobalSection(ProjectConfigurationPlatforms) = postSolution
		{ACA9652E-2170-4CF0-AA07-D876650CF009}.Debug|Any CPU.ActiveCfg = Debug|Any CPU
		{ACA9652E-2170-4CF0-AA07-D876650CF009}.Debug|Any CPU.Build.0 = Debug|Any CPU
		{ACA9652E-2170-4CF0-AA07-D876650CF009}.Release|Any CPU.ActiveCfg = Release|Any CPU
		{ACA9652E-2170-4CF0-AA07-D876650CF009}.Release|Any CPU.Build.0 = Release|Any CPU
	EndGlobalSection
	GlobalSection(SolutionProperties) = preSolution
		HideSolutionNode = FALSE
	EndGlobalSection
	GlobalSection(ExtensibilityGlobals) = postSolution
		SolutionGuid = {77F56CFB-D82E-4B7C-86CF-6EEA6C720FF3}
	EndGlobalSection
EndGlobal
