
Microsoft Visual Studio Solution File, Format Version 12.00
# Visual Studio Version 17
VisualStudioVersion = 17.7.34031.279
MinimumVisualStudioVersion = 10.0.40219.1
Project("{FAE04EC0-301F-11D3-BF4B-00C04F79EFBC}") = "TP_2", "TP_2\TP_2.csproj", "{BDC8F370-F828-49E0-A7BC-55D1ADA07C80}"
EndProject
Global
	GlobalSection(SolutionConfigurationPlatforms) = preSolution
		Debug|Any CPU = Debug|Any CPU
		Release|Any CPU = Release|Any CPU
	EndGlobalSection
	GlobalSection(ProjectConfigurationPlatforms) = postSolution
		{BDC8F370-F828-49E0-A7BC-55D1ADA07C80}.Debug|Any CPU.ActiveCfg = Debug|Any CPU
		{BDC8F370-F828-49E0-A7BC-55D1ADA07C80}.Debug|Any CPU.Build.0 = Debug|Any CPU
		{BDC8F370-F828-49E0-A7BC-55D1ADA07C80}.Release|Any CPU.ActiveCfg = Release|Any CPU
		{BDC8F370-F828-49E0-A7BC-55D1ADA07C80}.Release|Any CPU.Build.0 = Release|Any CPU
	EndGlobalSection
	GlobalSection(SolutionProperties) = preSolution
		HideSolutionNode = FALSE
	EndGlobalSection
	GlobalSection(ExtensibilityGlobals) = postSolution
		SolutionGuid = {F9F2728A-533B-4A9F-A514-CF0826D6CBDC}
	EndGlobalSection
EndGlobal
